# This file is automatically @generated by Cargo.
# It is not intended for manual editing.
version = 3

[[package]]
name = "byteorder"
version = "1.4.3"
source = "registry+https://github.com/rust-lang/crates.io-index"
checksum = "14c189c53d098945499cdfa7ecc63567cf3886b3332b312a5b4585d8d3a6a610"

[[package]]
name = "libqoi"
version = "0.1.0"
dependencies = [
 "rapid-qoi",
]

[[package]]
name = "rapid-qoi"
version = "0.5.5"
source = "registry+https://github.com/rust-lang/crates.io-index"
checksum = "f50ab603da57a82a6e91397c801f18c5ebbf1772ccdc9976b8f5eafd581caa73"

[[package]]
name = "wasm-strip"
version = "0.1.0"
dependencies = [
 "byteorder",
]
